{
  "name": "firewrapper",
  "version": "1.0.0",
  "lockfileVersion": 3,
  "requires": true,
  "packages": {
    "": {
      "name": "firewrapper",
      "version": "1.0.0",
      "dependencies": {
        "wretch": "^2.6.0"
      },
      "devDependencies": {
        "typescript": "^5.2.2"
      }
    },
    "node_modules/typescript": {
      "version": "5.2.2",
      "resolved": "https://registry.npmjs.org/typescript/-/typescript-5.2.2.tgz",
      "integrity": "sha512-mI4WrpHsbCIcwT9cF4FZvr80QUeKvsUsUvKDoR+X/7XHQH98xYD8YHZg7ANtz2GtZt/CBq2QJ0thkGJMHfqc1w==",
      "dev": true,
      "bin": {
        "tsc": "bin/tsc",
        "tsserver": "bin/tsserver"
      },
      "engines": {
        "node": ">=14.17"
      }
    },
    "node_modules/wretch": {
      "version": "2.6.0",
      "resolved": "https://registry.npmjs.org/wretch/-/wretch-2.6.0.tgz",
      "integrity": "sha512-7A4TFHSX+cpxxO6Hd4f0ZE9f8wAgO9wRqX3JeOAtHlJy+kdYP+oPjkF1LYmnTSiTMhODR2YWOdMEc4hCCXEw2w==",
      "engines": {
        "node": ">=14"
      }
    }
  }
}
